Microsoft Visual Studio Solution File, Format Version 12.00
# Visual Studio Version 18
VisualStudioVersion = 18.1.11312.151
MinimumVisualStudioVersion = 10.0.40219.1
Project("{2150E333-8FDC-42A3-9474-1A3956D46DE8}") = "1- Core", "1- Core", "{70857030-C480-4E7D-AED2-E65BCE9F6708}"
EndProject
Project("{2150E333-8FDC-42A3-9474-1A3956D46DE8}") = "2-Infrastructure", "2-Infrastructure", "{948EF51E-1466-45FA-B083-E98E6EC49582}"
EndProject
Project("{2150E333-8FDC-42A3-9474-1A3956D46DE8}") = "4- Tests", "4- Tests", "{3177B882-2963-4735-947B-14E46A03DC0A}"
EndProject
Project("{2150E333-8FDC-42A3-9474-1A3956D46DE8}") = "Solution Elements", "Solution Elements", "{62313F69-0372-45D8-AD92-8586601711F5}"
	ProjectSection(SolutionItems) = preProject
		.editorconfig = .editorconfig
		.gitignore = .gitignore
		common.targets = common.targets
		Directory.Packages.props = Directory.Packages.props
		README.md = README.md
	EndProjectSection
EndProject
Project("{2150E333-8FDC-42A3-9474-1A3956D46DE8}") = "3- Adapters", "3- Adapters", "{98425994-88A1-47C2-9FD0-025338789918}"
EndProject
Project("{9A19103F-16F7-4668-BE54-9A1E7A4F7556}") = "UserService.Persistence", "sources\back\UserService.Persistence\UserService.Persistence.csproj", "{9E89BF94-9087-4CC5-9E22-4C5370BD45CF}"
EndProject
Project("{9A19103F-16F7-4668-BE54-9A1E7A4F7556}") = "UserService.Client.Http", "sources\back\UserService.ClientHttp\UserService.Client.Http.csproj", "{4DA34A15-C1C6-4911-B35F-B2DDB1842ABB}"
EndProject
Project("{9A19103F-16F7-4668-BE54-9A1E7A4F7556}") = "UserService.Application", "sources\back\UserService.Application\UserService.Application.csproj", "{E84C8E37-8D94-4966-BE6D-888164BE9733}"
EndProject
Project("{9A19103F-16F7-4668-BE54-9A1E7A4F7556}") = "UserService.Contracts", "sources\back\UserService.Contracts\UserService.Contracts.csproj", "{CD529C39-BC70-41CD-B699-85D23E30960F}"
EndProject
Project("{9A19103F-16F7-4668-BE54-9A1E7A4F7556}") = "UserService.Domain", "sources\back\UserService.Domain\UserService.Domain.csproj", "{04EEC887-31DC-490F-AA62-659997907518}"
EndProject
Project("{9A19103F-16F7-4668-BE54-9A1E7A4F7556}") = "UserService.API", "sources\back\UserService.API\UserService.API.csproj", "{818C7D4D-29C5-44F5-A197-8E71D6A5F198}"
EndProject
Project("{9A19103F-16F7-4668-BE54-9A1E7A4F7556}") = "UserService.Consumer", "sources\back\UserService.Consumer\UserService.Consumer.csproj", "{CA875C8E-1D50-444E-9407-80B268956241}"
EndProject
Project("{9A19103F-16F7-4668-BE54-9A1E7A4F7556}") = "UserService.Testing", "TestProject1\UserService.Testing.csproj", "{666EDEF4-44F7-4DAA-AD2A-5748CB886F9D}"
EndProject
Project("{2150E333-8FDC-42A3-9474-1A3956D46DE8}") = "Infrastructure", "Infrastructure", "{DBCE7E72-554E-45CB-956D-991DDFD2FFD1}"
	ProjectSection(SolutionItems) = preProject
		main.bicep = main.bicep
	EndProjectSection
EndProject
Project("{2150E333-8FDC-42A3-9474-1A3956D46DE8}") = "Modules", "Modules", "{50630C93-09BA-46C2-A277-37A076A251AD}"
EndProject
Project("{2150E333-8FDC-42A3-9474-1A3956D46DE8}") = "MongoDB", "MongoDB", "{CFF4B2A1-9481-4A39-8807-EC48BADA3CBB}"
EndProject
Project("{2150E333-8FDC-42A3-9474-1A3956D46DE8}") = "PosgrsSql", "PosgrsSql", "{7A0E64A6-708D-4DA7-9799-BE2323223AAA}"
EndProject
Project("{2150E333-8FDC-42A3-9474-1A3956D46DE8}") = "SingleDatabase", "SingleDatabase", "{9A5B7118-BDD6-4071-9E31-C5F77533ADE7}"
EndProject
Project("{2150E333-8FDC-42A3-9474-1A3956D46DE8}") = "Multidatabase", "Multidatabase", "{F0F87523-9BFF-4772-ABDF-73A0C25112F7}"
EndProject
Project("{FAE04EC0-301F-11D3-BF4B-00C04F79EFBC}") = "UserService.Testing.ArchitecturalReports", "tests\UserService.Testing.ArchitecturalReports\UserService.Testing.ArchitecturalReports.csproj", "{4124D4FF-7C0C-4B29-A322-787A236D3D6D}"
EndProject
Project("{FAE04EC0-301F-11D3-BF4B-00C04F79EFBC}") = "UserService.Identity", "sources\back\UserService.Identity\UserService.Identity.csproj", "{B816459A-CF5A-4512-A401-F7569A3DBA4F}"
EndProject
Global
	GlobalSection(SolutionConfigurationPlatforms) = preSolution
		Debug|Any CPU = Debug|Any CPU
		Release|Any CPU = Release|Any CPU
	EndGlobalSection
	GlobalSection(ProjectConfigurationPlatforms) = postSolution
		{9E89BF94-9087-4CC5-9E22-4C5370BD45CF}.Debug|Any CPU.ActiveCfg = Debug|Any CPU
		{9E89BF94-9087-4CC5-9E22-4C5370BD45CF}.Debug|Any CPU.Build.0 = Debug|Any CPU
		{9E89BF94-9087-4CC5-9E22-4C5370BD45CF}.Release|Any CPU.ActiveCfg = Release|Any CPU
		{9E89BF94-9087-4CC5-9E22-4C5370BD45CF}.Release|Any CPU.Build.0 = Release|Any CPU
		{4DA34A15-C1C6-4911-B35F-B2DDB1842ABB}.Debug|Any CPU.ActiveCfg = Debug|Any CPU
		{4DA34A15-C1C6-4911-B35F-B2DDB1842ABB}.Debug|Any CPU.Build.0 = Debug|Any CPU
		{4DA34A15-C1C6-4911-B35F-B2DDB1842ABB}.Release|Any CPU.ActiveCfg = Release|Any CPU
		{4DA34A15-C1C6-4911-B35F-B2DDB1842ABB}.Release|Any CPU.Build.0 = Release|Any CPU
		{E84C8E37-8D94-4966-BE6D-888164BE9733}.Debug|Any CPU.ActiveCfg = Debug|Any CPU
		{E84C8E37-8D94-4966-BE6D-888164BE9733}.Debug|Any CPU.Build.0 = Debug|Any CPU
		{E84C8E37-8D94-4966-BE6D-888164BE9733}.Release|Any CPU.ActiveCfg = Release|Any CPU
		{E84C8E37-8D94-4966-BE6D-888164BE9733}.Release|Any CPU.Build.0 = Release|Any CPU
		{CD529C39-BC70-41CD-B699-85D23E30960F}.Debug|Any CPU.ActiveCfg = Debug|Any CPU
		{CD529C39-BC70-41CD-B699-85D23E30960F}.Debug|Any CPU.Build.0 = Debug|Any CPU
		{CD529C39-BC70-41CD-B699-85D23E30960F}.Release|Any CPU.ActiveCfg = Release|Any CPU
		{CD529C39-BC70-41CD-B699-85D23E30960F}.Release|Any CPU.Build.0 = Release|Any CPU
		{04EEC887-31DC-490F-AA62-659997907518}.Debug|Any CPU.ActiveCfg = Debug|Any CPU
		{04EEC887-31DC-490F-AA62-659997907518}.Debug|Any CPU.Build.0 = Debug|Any CPU
		{04EEC887-31DC-490F-AA62-659997907518}.Release|Any CPU.ActiveCfg = Release|Any CPU
		{04EEC887-31DC-490F-AA62-659997907518}.Release|Any CPU.Build.0 = Release|Any CPU
		{818C7D4D-29C5-44F5-A197-8E71D6A5F198}.Debug|Any CPU.ActiveCfg = Debug|Any CPU
		{818C7D4D-29C5-44F5-A197-8E71D6A5F198}.Debug|Any CPU.Build.0 = Debug|Any CPU
		{818C7D4D-29C5-44F5-A197-8E71D6A5F198}.Release|Any CPU.ActiveCfg = Release|Any CPU
		{818C7D4D-29C5-44F5-A197-8E71D6A5F198}.Release|Any CPU.Build.0 = Release|Any CPU
		{CA875C8E-1D50-444E-9407-80B268956241}.Debug|Any CPU.ActiveCfg = Debug|Any CPU
		{CA875C8E-1D50-444E-9407-80B268956241}.Debug|Any CPU.Build.0 = Debug|Any CPU
		{CA875C8E-1D50-444E-9407-80B268956241}.Release|Any CPU.ActiveCfg = Release|Any CPU
		{CA875C8E-1D50-444E-9407-80B268956241}.Release|Any CPU.Build.0 = Release|Any CPU
		{666EDEF4-44F7-4DAA-AD2A-5748CB886F9D}.Debug|Any CPU.ActiveCfg = Debug|Any CPU
		{666EDEF4-44F7-4DAA-AD2A-5748CB886F9D}.Debug|Any CPU.Build.0 = Debug|Any CPU
		{666EDEF4-44F7-4DAA-AD2A-5748CB886F9D}.Release|Any CPU.ActiveCfg = Release|Any CPU
		{666EDEF4-44F7-4DAA-AD2A-5748CB886F9D}.Release|Any CPU.Build.0 = Release|Any CPU
		{4124D4FF-7C0C-4B29-A322-787A236D3D6D}.Debug|Any CPU.ActiveCfg = Debug|Any CPU
		{4124D4FF-7C0C-4B29-A322-787A236D3D6D}.Debug|Any CPU.Build.0 = Debug|Any CPU
		{4124D4FF-7C0C-4B29-A322-787A236D3D6D}.Release|Any CPU.ActiveCfg = Release|Any CPU
		{4124D4FF-7C0C-4B29-A322-787A236D3D6D}.Release|Any CPU.Build.0 = Release|Any CPU
		{B816459A-CF5A-4512-A401-F7569A3DBA4F}.Debug|Any CPU.ActiveCfg = Debug|Any CPU
		{B816459A-CF5A-4512-A401-F7569A3DBA4F}.Debug|Any CPU.Build.0 = Debug|Any CPU
		{B816459A-CF5A-4512-A401-F7569A3DBA4F}.Release|Any CPU.ActiveCfg = Release|Any CPU
		{B816459A-CF5A-4512-A401-F7569A3DBA4F}.Release|Any CPU.Build.0 = Release|Any CPU
	EndGlobalSection
	GlobalSection(SolutionProperties) = preSolution
		HideSolutionNode = FALSE
	EndGlobalSection
	GlobalSection(NestedProjects) = preSolution
		{9E89BF94-9087-4CC5-9E22-4C5370BD45CF} = {948EF51E-1466-45FA-B083-E98E6EC49582}
		{4DA34A15-C1C6-4911-B35F-B2DDB1842ABB} = {948EF51E-1466-45FA-B083-E98E6EC49582}
		{E84C8E37-8D94-4966-BE6D-888164BE9733} = {70857030-C480-4E7D-AED2-E65BCE9F6708}
		{CD529C39-BC70-41CD-B699-85D23E30960F} = {70857030-C480-4E7D-AED2-E65BCE9F6708}
		{04EEC887-31DC-490F-AA62-659997907518} = {70857030-C480-4E7D-AED2-E65BCE9F6708}
		{818C7D4D-29C5-44F5-A197-8E71D6A5F198} = {98425994-88A1-47C2-9FD0-025338789918}
		{CA875C8E-1D50-444E-9407-80B268956241} = {948EF51E-1466-45FA-B083-E98E6EC49582}
		{666EDEF4-44F7-4DAA-AD2A-5748CB886F9D} = {3177B882-2963-4735-947B-14E46A03DC0A}
		{50630C93-09BA-46C2-A277-37A076A251AD} = {DBCE7E72-554E-45CB-956D-991DDFD2FFD1}
		{CFF4B2A1-9481-4A39-8807-EC48BADA3CBB} = {50630C93-09BA-46C2-A277-37A076A251AD}
		{7A0E64A6-708D-4DA7-9799-BE2323223AAA} = {50630C93-09BA-46C2-A277-37A076A251AD}
		{9A5B7118-BDD6-4071-9E31-C5F77533ADE7} = {50630C93-09BA-46C2-A277-37A076A251AD}
		{F0F87523-9BFF-4772-ABDF-73A0C25112F7} = {50630C93-09BA-46C2-A277-37A076A251AD}
		{4124D4FF-7C0C-4B29-A322-787A236D3D6D} = {3177B882-2963-4735-947B-14E46A03DC0A}
		{B816459A-CF5A-4512-A401-F7569A3DBA4F} = {948EF51E-1466-45FA-B083-E98E6EC49582}
	EndGlobalSection
	GlobalSection(ExtensibilityGlobals) = postSolution
		SolutionGuid = {4D3FF11B-D4F6-4331-9F42-AFECEF95D36F}
	EndGlobalSection
EndGlobal
